
Microsoft Visual Studio Solution File, Format Version 12.00
# Visual Studio 15
VisualStudioVersion = 15.0.27703.2026
MinimumVisualStudioVersion = 10.0.40219.1
Project("{FAE04EC0-301F-11D3-BF4B-00C04F79EFBC}") = "AoCLanguageLibrary", "AoCIniLibrary\AoCLanguageLibrary.csproj", "{4228D6D2-1DC7-4BD5-BB21-F455745A6A0E}"
EndProject
Project("{FAE04EC0-301F-11D3-BF4B-00C04F79EFBC}") = "ConsoleTest", "ConsoleTest\ConsoleTest.csproj", "{83D8CCE8-F72E-447E-843B-194EC8010E6D}"
	ProjectSection(ProjectDependencies) = postProject
		{4228D6D2-1DC7-4BD5-BB21-F455745A6A0E} = {4228D6D2-1DC7-4BD5-BB21-F455745A6A0E}
	EndProjectSection
EndProject
Global
	GlobalSection(SolutionConfigurationPlatforms) = preSolution
		Debug|Any CPU = Debug|Any CPU
		Release|Any CPU = Release|Any CPU
	EndGlobalSection
	GlobalSection(ProjectConfigurationPlatforms) = postSolution
		{4228D6D2-1DC7-4BD5-BB21-F455745A6A0E}.Debug|Any CPU.ActiveCfg = Debug|Any CPU
		{4228D6D2-1DC7-4BD5-BB21-F455745A6A0E}.Debug|Any CPU.Build.0 = Debug|Any CPU
		{4228D6D2-1DC7-4BD5-BB21-F455745A6A0E}.Release|Any CPU.ActiveCfg = Release|Any CPU
		{4228D6D2-1DC7-4BD5-BB21-F455745A6A0E}.Release|Any CPU.Build.0 = Release|Any CPU
		{83D8CCE8-F72E-447E-843B-194EC8010E6D}.Debug|Any CPU.ActiveCfg = Debug|Any CPU
		{83D8CCE8-F72E-447E-843B-194EC8010E6D}.Debug|Any CPU.Build.0 = Debug|Any CPU
		{83D8CCE8-F72E-447E-843B-194EC8010E6D}.Release|Any CPU.ActiveCfg = Release|Any CPU
		{83D8CCE8-F72E-447E-843B-194EC8010E6D}.Release|Any CPU.Build.0 = Release|Any CPU
	EndGlobalSection
	GlobalSection(SolutionProperties) = preSolution
		HideSolutionNode = FALSE
	EndGlobalSection
	GlobalSection(ExtensibilityGlobals) = postSolution
		SolutionGuid = {62CA6E69-D774-40FD-A40E-73ED51C480D5}
	EndGlobalSection
EndGlobal
